{
  "nodes": {
    "home-manager": {
      "inputs": {
        "nixpkgs": [
          "nixpkgs"
        ],
        "utils": "utils"
      },
      "locked": {
        "lastModified": 1677284824,
        "narHash": "sha256-I3gDxmGjyXdtOR5S8sIeCO8pT+5OR69f/g5EVoQUdsY=",
        "owner": "nix-community",
        "repo": "home-manager",
        "rev": "29280978234b73423f4eb708cbb999295f76b42a",
        "type": "github"
      },
      "original": {
        "owner": "nix-community",
        "ref": "release-22.11",
        "repo": "home-manager",
        "type": "github"
      }
    },
    "hyprland": {
      "inputs": {
        "hyprland-protocols": "hyprland-protocols",
        "nixpkgs": "nixpkgs",
        "wlroots": "wlroots",
        "xdph": "xdph"
      },
      "locked": {
        "lastModified": 1677527262,
        "narHash": "sha256-CjUQtuLsz3VkSbV1eM1UwcWzruNgvK8ekZrIUevH72o=",
        "owner": "hyprwm",
        "repo": "Hyprland",
        "rev": "18229043fa85bdf96a9d829c1e61d0f524a1966a",
        "type": "github"
      },
      "original": {
        "owner": "hyprwm",
        "repo": "Hyprland",
        "type": "github"
      }
    },
    "hyprland-protocols": {
      "inputs": {
        "nixpkgs": [
          "hyprland",
          "nixpkgs"
        ]
      },
      "locked": {
        "lastModified": 1671839510,
        "narHash": "sha256-+PY1qqJfmZzzROgcIY4I7AkCwpnC+qBIYk2eFoA9RWc=",
        "owner": "hyprwm",
        "repo": "hyprland-protocols",
        "rev": "b8f55e02a328c47ed373133c52483bbfa20a1b75",
        "type": "github"
      },
      "original": {
        "owner": "hyprwm",
        "repo": "hyprland-protocols",
        "type": "github"
      }
    },
    "nixos-hardware": {
      "locked": {
        "lastModified": 1677440795,
        "narHash": "sha256-Kmjr95L42iioTItuA6nKCaObAXQvgRTPmj+62dx5OZg=",
        "owner": "NixOS",
        "repo": "nixos-hardware",
        "rev": "2a483ad9cd2d931ab52cd5f897c447beb8328bed",
        "type": "github"
      },
      "original": {
        "owner": "NixOS",
        "repo": "nixos-hardware",
        "type": "github"
      }
    },
    "nixpkgs": {
      "locked": {
        "lastModified": 1675273418,
        "narHash": "sha256-tpYc4TEGvDzh9uRf44QemyQ4TpVuUbxb07b2P99XDbM=",
        "owner": "NixOS",
        "repo": "nixpkgs",
        "rev": "4d7c2644dbac9cf8282c0afe68fca8f0f3e7b2db",
        "type": "github"
      },
      "original": {
        "owner": "NixOS",
        "ref": "nixos-unstable",
        "repo": "nixpkgs",
        "type": "github"
      }
    },
    "nixpkgs_2": {
      "locked": {
        "lastModified": 1677447818,
        "narHash": "sha256-dgXEUbz2hgaJL4xCD/5JLhA36UJOhP4qn7Cp6UZhB0I=",
        "owner": "NixOS",
        "repo": "nixpkgs",
        "rev": "8bd260eb578e3fea6bce158b24c93ab158d031e7",
        "type": "github"
      },
      "original": {
        "id": "nixpkgs",
        "ref": "nixos-22.11",
        "type": "indirect"
      }
    },
    "root": {
      "inputs": {
        "home-manager": "home-manager",
        "hyprland": "hyprland",
        "nixos-hardware": "nixos-hardware",
        "nixpkgs": "nixpkgs_2"
      }
    },
    "utils": {
      "locked": {
        "lastModified": 1667395993,
        "narHash": "sha256-nuEHfE/LcWyuSWnS8t12N1wc105Qtau+/OdUAjtQ0rA=",
        "owner": "numtide",
        "repo": "flake-utils",
        "rev": "5aed5285a952e0b949eb3ba02c12fa4fcfef535f",
        "type": "github"
      },
      "original": {
        "owner": "numtide",
        "repo": "flake-utils",
        "type": "github"
      }
    },
    "wlroots": {
      "flake": false,
      "locked": {
        "host": "gitlab.freedesktop.org",
        "lastModified": 1675374853,
        "narHash": "sha256-BSrjNcddYWhFUMtjGwxiEXw67MYRaIHGvLn19Mvm1NE=",
        "owner": "wlroots",
        "repo": "wlroots",
        "rev": "677a3f2f8847ed2de49dd60868f9d9487a546f58",
        "type": "gitlab"
      },
      "original": {
        "host": "gitlab.freedesktop.org",
        "owner": "wlroots",
        "repo": "wlroots",
        "type": "gitlab"
      }
    },
    "xdph": {
      "inputs": {
        "hyprland-protocols": [
          "hyprland",
          "hyprland-protocols"
        ],
        "nixpkgs": [
          "hyprland",
          "nixpkgs"
        ]
      },
      "locked": {
        "lastModified": 1673116118,
        "narHash": "sha256-eR0yDSkR2XYMesfdRWJs25kAdXET2mbNNHu5t+KUcKA=",
        "owner": "hyprwm",
        "repo": "xdg-desktop-portal-hyprland",
        "rev": "d479c846531fd0e1d2357c9588b8310a2b859ef2",
        "type": "github"
      },
      "original": {
        "owner": "hyprwm",
        "repo": "xdg-desktop-portal-hyprland",
        "type": "github"
      }
    }
  },
  "root": "root",
  "version": 7
}
